// !$*UTF8*$!
{
	archiveVersion = 1;
	classes = {
	};
	objectVersion = 46;
	objects = {

/* Begin PBXBuildFile section */
		656C7089C40408B9A88D792E /* Pods_appFinalFranSalasTests.framework in Frameworks */ = {isa = PBXBuildFile; fileRef = 17EB328E8AC16E3661C1E6D7 /* Pods_appFinalFranSalasTests.framework */; };
		6E5EA9AE2DF7BE7E11E4BDCC /* Pods_appFinalFranSalas.framework in Frameworks */ = {isa = PBXBuildFile; fileRef = 457B59C04C704A2E52151E20 /* Pods_appFinalFranSalas.framework */; };
		8E5C8161105190D32CCBB5D8 /* Pods_appFinalFranSalasUITests.framework in Frameworks */ = {isa = PBXBuildFile; fileRef = A1024B2314216F46A167BE64 /* Pods_appFinalFranSalasUITests.framework */; };
		A1274578223CF4A300701670 /* corazonlleno.png in Resources */ = {isa = PBXBuildFile; fileRef = A1274575223CF4A200701670 /* corazonlleno.png */; };
		A1274579223CF4A300701670 /* corazonvacio.png in Resources */ = {isa = PBXBuildFile; fileRef = A1274576223CF4A300701670 /* corazonvacio.png */; };
		A127457A223CF4A300701670 /* paises.jpeg in Resources */ = {isa = PBXBuildFile; fileRef = A1274577223CF4A300701670 /* paises.jpeg */; };
		A127457C223D1AA100701670 /* posEnMapa.png in Resources */ = {isa = PBXBuildFile; fileRef = A127457B223D1AA100701670 /* posEnMapa.png */; };
		A18F473F222A9F8E00401F6A /* AppDelegate.swift in Sources */ = {isa = PBXBuildFile; fileRef = A18F473E222A9F8E00401F6A /* AppDelegate.swift */; };
		A18F4744222A9F8E00401F6A /* Main.storyboard in Resources */ = {isa = PBXBuildFile; fileRef = A18F4742222A9F8E00401F6A /* Main.storyboard */; };
		A18F4749222A9F9000401F6A /* Assets.xcassets in Resources */ = {isa = PBXBuildFile; fileRef = A18F4748222A9F9000401F6A /* Assets.xcassets */; };
		A18F474C222A9F9000401F6A /* LaunchScreen.storyboard in Resources */ = {isa = PBXBuildFile; fileRef = A18F474A222A9F9000401F6A /* LaunchScreen.storyboard */; };
		A18F4757222A9F9000401F6A /* appFinalFranSalasTests.swift in Sources */ = {isa = PBXBuildFile; fileRef = A18F4756222A9F9000401F6A /* appFinalFranSalasTests.swift */; };
		A18F4762222A9F9000401F6A /* appFinalFranSalasUITests.swift in Sources */ = {isa = PBXBuildFile; fileRef = A18F4761222A9F9000401F6A /* appFinalFranSalasUITests.swift */; };
		A198C0F9222D78890039E350 /* PaisViewController.swift in Sources */ = {isa = PBXBuildFile; fileRef = A198C0F8222D78890039E350 /* PaisViewController.swift */; };
		A19DF8AF223590D600546AA0 /* SVGKit.framework in Frameworks */ = {isa = PBXBuildFile; fileRef = A19DF8AE223590D600546AA0 /* SVGKit.framework */; };
		A1A0C9EC223D5C3C00312385 /* CoreData.framework in Frameworks */ = {isa = PBXBuildFile; fileRef = A1A0C9EB223D5C3C00312385 /* CoreData.framework */; };
		A1A0C9EE223D646600312385 /* MapaPaisViewController.swift in Sources */ = {isa = PBXBuildFile; fileRef = A1A0C9ED223D646600312385 /* MapaPaisViewController.swift */; };
		A1A0C9F0223D6FE800312385 /* FavoritosTableViewController.swift in Sources */ = {isa = PBXBuildFile; fileRef = A1A0C9EF223D6FE800312385 /* FavoritosTableViewController.swift */; };
		A1A0C9F3223D73D200312385 /* appFinalFranSalas.xcdatamodeld in Sources */ = {isa = PBXBuildFile; fileRef = A1A0C9F1223D73D200312385 /* appFinalFranSalas.xcdatamodeld */; };
		A1A52E902242D05E00225A66 /* PaisFavorito+CoreDataClass.swift in Sources */ = {isa = PBXBuildFile; fileRef = A1A52E8F2242D05E00225A66 /* PaisFavorito+CoreDataClass.swift */; };
		A1A52E922242D06600225A66 /* PaisFavorito+CoreDataProperties.swift in Sources */ = {isa = PBXBuildFile; fileRef = A1A52E912242D06600225A66 /* PaisFavorito+CoreDataProperties.swift */; };
		A1A52E942242D17900225A66 /* Pais.swift in Sources */ = {isa = PBXBuildFile; fileRef = A1A52E932242D17900225A66 /* Pais.swift */; };
		A1A9599E223C0E6A00A5CEC9 /* fondo.jpg in Resources */ = {isa = PBXBuildFile; fileRef = A1A9599D223C0E6A00A5CEC9 /* fondo.jpg */; };
		A1B8CAC4222C2D6E00ECF30A /* PaisListStorage.swift in Sources */ = {isa = PBXBuildFile; fileRef = A1B8CAC3222C2D6E00ECF30A /* PaisListStorage.swift */; };
		A1B8CB0F222D30B900ECF30A /* FranTableViewCell.swift in Sources */ = {isa = PBXBuildFile; fileRef = A1B8CB0E222D30B900ECF30A /* FranTableViewCell.swift */; };
		A1B8CB11222D32B300ECF30A /* FranViewController.swift in Sources */ = {isa = PBXBuildFile; fileRef = A1B8CB10222D32B300ECF30A /* FranViewController.swift */; };
		A1C1210922357538008B0289 /* DetallePaisViewController.swift in Sources */ = {isa = PBXBuildFile; fileRef = A1C1210822357538008B0289 /* DetallePaisViewController.swift */; };
		A1C4D1C1224FCD5D000F2E9C /* Images in Resources */ = {isa = PBXBuildFile; fileRef = A1C4D1C0224FCD5D000F2E9C /* Images */; };
		A1C50171224F63CA00FD595B /* logoUni.jpg in Resources */ = {isa = PBXBuildFile; fileRef = A1C50170224F63C900FD595B /* logoUni.jpg */; };
		A1C50173224F652800FD595B /* logoupsa.jpg in Resources */ = {isa = PBXBuildFile; fileRef = A1C50172224F652800FD595B /* logoupsa.jpg */; };
		A1C5017E224F6C7F00FD595B /* flag-10.png in Resources */ = {isa = PBXBuildFile; fileRef = A1C50174224F6C7E00FD595B /* flag-10.png */; };
		A1C5017F224F6C7F00FD595B /* flag-6.png in Resources */ = {isa = PBXBuildFile; fileRef = A1C50175224F6C7E00FD595B /* flag-6.png */; };
		A1C50180224F6C7F00FD595B /* flag-8.png in Resources */ = {isa = PBXBuildFile; fileRef = A1C50176224F6C7E00FD595B /* flag-8.png */; };
		A1C50181224F6C7F00FD595B /* flag-1.png in Resources */ = {isa = PBXBuildFile; fileRef = A1C50177224F6C7E00FD595B /* flag-1.png */; };
		A1C50182224F6C7F00FD595B /* flag-5.png in Resources */ = {isa = PBXBuildFile; fileRef = A1C50178224F6C7E00FD595B /* flag-5.png */; };
		A1C50183224F6C7F00FD595B /* flag-2.png in Resources */ = {isa = PBXBuildFile; fileRef = A1C50179224F6C7E00FD595B /* flag-2.png */; };
		A1C50184224F6C7F00FD595B /* flag-7.png in Resources */ = {isa = PBXBuildFile; fileRef = A1C5017A224F6C7F00FD595B /* flag-7.png */; };
		A1C50185224F6C7F00FD595B /* flag-4.png in Resources */ = {isa = PBXBuildFile; fileRef = A1C5017B224F6C7F00FD595B /* flag-4.png */; };
		A1C50186224F6C7F00FD595B /* flag-3.png in Resources */ = {isa = PBXBuildFile; fileRef = A1C5017C224F6C7F00FD595B /* flag-3.png */; };
		A1C50187224F6C7F00FD595B /* flag-9.png in Resources */ = {isa = PBXBuildFile; fileRef = A1C5017D224F6C7F00FD595B /* flag-9.png */; };
		A1C50192224F733100FD595B /* flag-11.png in Resources */ = {isa = PBXBuildFile; fileRef = A1C50188224F732E00FD595B /* flag-11.png */; };
		A1C50193224F733100FD595B /* flag-13.png in Resources */ = {isa = PBXBuildFile; fileRef = A1C50189224F732E00FD595B /* flag-13.png */; };
		A1C50194224F733100FD595B /* flag-19.png in Resources */ = {isa = PBXBuildFile; fileRef = A1C5018A224F732F00FD595B /* flag-19.png */; };
		A1C50195224F733100FD595B /* flag-15.png in Resources */ = {isa = PBXBuildFile; fileRef = A1C5018B224F732F00FD595B /* flag-15.png */; };
		A1C50196224F733100FD595B /* flag-18.png in Resources */ = {isa = PBXBuildFile; fileRef = A1C5018C224F732F00FD595B /* flag-18.png */; };
		A1C50197224F733100FD595B /* flag-20.png in Resources */ = {isa = PBXBuildFile; fileRef = A1C5018D224F732F00FD595B /* flag-20.png */; };
		A1C50198224F733100FD595B /* flag-12.png in Resources */ = {isa = PBXBuildFile; fileRef = A1C5018E224F733000FD595B /* flag-12.png */; };
		A1C50199224F733100FD595B /* flag-16.png in Resources */ = {isa = PBXBuildFile; fileRef = A1C5018F224F733000FD595B /* flag-16.png */; };
		A1C5019A224F733100FD595B /* flag-17.png in Resources */ = {isa = PBXBuildFile; fileRef = A1C50190224F733000FD595B /* flag-17.png */; };
		A1C5019B224F733100FD595B /* flag-14.png in Resources */ = {isa = PBXBuildFile; fileRef = A1C50191224F733000FD595B /* flag-14.png */; };
		A1C5019D224F738400FD595B /* moneda.jpeg in Resources */ = {isa = PBXBuildFile; fileRef = A1C5019C224F738400FD595B /* moneda.jpeg */; };
		A1C5019F224F73B800FD595B /* idioma.jpg in Resources */ = {isa = PBXBuildFile; fileRef = A1C5019E224F73B800FD595B /* idioma.jpg */; };
		A1C501A1224F749700FD595B /* capital.jpeg in Resources */ = {isa = PBXBuildFile; fileRef = A1C501A0224F749600FD595B /* capital.jpeg */; };
		A1C501A3224F7EED00FD595B /* CapitalPaisViewController.swift in Sources */ = {isa = PBXBuildFile; fileRef = A1C501A2224F7EED00FD595B /* CapitalPaisViewController.swift */; };
		A1C501A5224F8A6700FD595B /* IdiomasPaisViewController.swift in Sources */ = {isa = PBXBuildFile; fileRef = A1C501A4224F8A6700FD595B /* IdiomasPaisViewController.swift */; };
		A1C501A7224F916900FD595B /* MonedasPaisViewController.swift in Sources */ = {isa = PBXBuildFile; fileRef = A1C501A6224F916900FD595B /* MonedasPaisViewController.swift */; };
		A1C7A6182241610B00619C72 /* fondoMundo.jpeg in Resources */ = {isa = PBXBuildFile; fileRef = A1C7A6172241610B00619C72 /* fondoMundo.jpeg */; };
		A1C91EDA22396EA900CA7C12 /* masInfo.png in Resources */ = {isa = PBXBuildFile; fileRef = A1C91ED922396EA900CA7C12 /* masInfo.png */; };
		A1C91EDC22397DBE00CA7C12 /* BanderaListStorage.swift in Sources */ = {isa = PBXBuildFile; fileRef = A1C91EDB22397DBE00CA7C12 /* BanderaListStorage.swift */; };
		A1CABE0D2243FAD600AE2E9C /* stars.jpeg in Resources */ = {isa = PBXBuildFile; fileRef = A1CABE0C2243FAD600AE2E9C /* stars.jpeg */; };
		A1CABE0F2243FDD500AE2E9C /* logoMimo.jpeg in Resources */ = {isa = PBXBuildFile; fileRef = A1CABE0E2243FDD400AE2E9C /* logoMimo.jpeg */; };
		A1E24E60224AB4250031BA27 /* appFinalFranSalas.mobileprovision in Resources */ = {isa = PBXBuildFile; fileRef = A1E24E5F224AB4240031BA27 /* appFinalFranSalas.mobileprovision */; };
/* End PBXBuildFile section */

/* Begin PBXContainerItemProxy section */
		A18F4753222A9F9000401F6A /* PBXContainerItemProxy */ = {
			isa = PBXContainerItemProxy;
			containerPortal = A18F4733222A9F8E00401F6A /* Project object */;
			proxyType = 1;
			remoteGlobalIDString = A18F473A222A9F8E00401F6A;
			remoteInfo = appFinalFranSalas;
		};
		A18F475E222A9F9000401F6A /* PBXContainerItemProxy */ = {
			isa = PBXContainerItemProxy;
			containerPortal = A18F4733222A9F8E00401F6A /* Project object */;
			proxyType = 1;
			remoteGlobalIDString = A18F473A222A9F8E00401F6A;
			remoteInfo = appFinalFranSalas;
		};
/* End PBXContainerItemProxy section */

/* Begin PBXFileReference section */
		17EB328E8AC16E3661C1E6D7 /* Pods_appFinalFranSalasTests.framework */ = {isa = PBXFileReference; explicitFileType = wrapper.framework; includeInIndex = 0; path = Pods_appFinalFranSalasTests.framework; sourceTree = BUILT_PRODUCTS_DIR; };
		457B59C04C704A2E52151E20 /* Pods_appFinalFranSalas.framework */ = {isa = PBXFileReference; explicitFileType = wrapper.framework; includeInIndex = 0; path = Pods_appFinalFranSalas.framework; sourceTree = BUILT_PRODUCTS_DIR; };
		57E5904B2FE8B17ADAE4CE63 /* Pods-appFinalFranSalasTests.debug.xcconfig */ = {isa = PBXFileReference; includeInIndex = 1; lastKnownFileType = text.xcconfig; name = "Pods-appFinalFranSalasTests.debug.xcconfig"; path = "Target Support Files/Pods-appFinalFranSalasTests/Pods-appFinalFranSalasTests.debug.xcconfig"; sourceTree = "<group>"; };
		759C56F4CF64DD724988BDDC /* Pods-appFinalFranSalasUITests.debug.xcconfig */ = {isa = PBXFileReference; includeInIndex = 1; lastKnownFileType = text.xcconfig; name = "Pods-appFinalFranSalasUITests.debug.xcconfig"; path = "Target Support Files/Pods-appFinalFranSalasUITests/Pods-appFinalFranSalasUITests.debug.xcconfig"; sourceTree = "<group>"; };
		950291F1AE109458E573ECDB /* Pods-appFinalFranSalasUITests.release.xcconfig */ = {isa = PBXFileReference; includeInIndex = 1; lastKnownFileType = text.xcconfig; name = "Pods-appFinalFranSalasUITests.release.xcconfig"; path = "Target Support Files/Pods-appFinalFranSalasUITests/Pods-appFinalFranSalasUITests.release.xcconfig"; sourceTree = "<group>"; };
		9D64AE8A8B6A2A9440C138C6 /* Pods-appFinalFranSalas.release.xcconfig */ = {isa = PBXFileReference; includeInIndex = 1; lastKnownFileType = text.xcconfig; name = "Pods-appFinalFranSalas.release.xcconfig"; path = "Target Support Files/Pods-appFinalFranSalas/Pods-appFinalFranSalas.release.xcconfig"; sourceTree = "<group>"; };
		A1024B2314216F46A167BE64 /* Pods_appFinalFranSalasUITests.framework */ = {isa = PBXFileReference; explicitFileType = wrapper.framework; includeInIndex = 0; path = Pods_appFinalFranSalasUITests.framework; sourceTree = BUILT_PRODUCTS_DIR; };
		A1274575223CF4A200701670 /* corazonlleno.png */ = {isa = PBXFileReference; lastKnownFileType = image.png; path = corazonlleno.png; sourceTree = "<group>"; };
		A1274576223CF4A300701670 /* corazonvacio.png */ = {isa = PBXFileReference; lastKnownFileType = image.png; path = corazonvacio.png; sourceTree = "<group>"; };
		A1274577223CF4A300701670 /* paises.jpeg */ = {isa = PBXFileReference; lastKnownFileType = image.jpeg; path = paises.jpeg; sourceTree = "<group>"; };
		A127457B223D1AA100701670 /* posEnMapa.png */ = {isa = PBXFileReference; lastKnownFileType = image.png; path = posEnMapa.png; sourceTree = "<group>"; };
		A18F473B222A9F8E00401F6A /* appFinalFranSalas.app */ = {isa = PBXFileReference; explicitFileType = wrapper.application; includeInIndex = 0; path = appFinalFranSalas.app; sourceTree = BUILT_PRODUCTS_DIR; };
		A18F473E222A9F8E00401F6A /* AppDelegate.swift */ = {isa = PBXFileReference; lastKnownFileType = sourcecode.swift; path = AppDelegate.swift; sourceTree = "<group>"; };
		A18F4743222A9F8E00401F6A /* Base */ = {isa = PBXFileReference; lastKnownFileType = file.storyboard; name = Base; path = Base.lproj/Main.storyboard; sourceTree = "<group>"; };
		A18F4748222A9F9000401F6A /* Assets.xcassets */ = {isa = PBXFileReference; lastKnownFileType = folder.assetcatalog; path = Assets.xcassets; sourceTree = "<group>"; };
		A18F474B222A9F9000401F6A /* Base */ = {isa = PBXFileReference; lastKnownFileType = file.storyboard; name = Base; path = Base.lproj/LaunchScreen.storyboard; sourceTree = "<group>"; };
		A18F474D222A9F9000401F6A /* Info.plist */ = {isa = PBXFileReference; lastKnownFileType = text.plist.xml; path = Info.plist; sourceTree = "<group>"; };
		A18F4752222A9F9000401F6A /* appFinalFranSalasTests.xctest */ = {isa = PBXFileReference; explicitFileType = wrapper.cfbundle; includeInIndex = 0; path = appFinalFranSalasTests.xctest; sourceTree = BUILT_PRODUCTS_DIR; };
		A18F4756222A9F9000401F6A /* appFinalFranSalasTests.swift */ = {isa = PBXFileReference; lastKnownFileType = sourcecode.swift; path = appFinalFranSalasTests.swift; sourceTree = "<group>"; };
		A18F4758222A9F9000401F6A /* Info.plist */ = {isa = PBXFileReference; lastKnownFileType = text.plist.xml; path = Info.plist; sourceTree = "<group>"; };
		A18F475D222A9F9000401F6A /* appFinalFranSalasUITests.xctest */ = {isa = PBXFileReference; explicitFileType = wrapper.cfbundle; includeInIndex = 0; path = appFinalFranSalasUITests.xctest; sourceTree = BUILT_PRODUCTS_DIR; };
		A18F4761222A9F9000401F6A /* appFinalFranSalasUITests.swift */ = {isa = PBXFileReference; lastKnownFileType = sourcecode.swift; path = appFinalFranSalasUITests.swift; sourceTree = "<group>"; };
		A18F4763222A9F9000401F6A /* Info.plist */ = {isa = PBXFileReference; lastKnownFileType = text.plist.xml; path = Info.plist; sourceTree = "<group>"; };
		A198C0F8222D78890039E350 /* PaisViewController.swift */ = {isa = PBXFileReference; lastKnownFileType = sourcecode.swift; path = PaisViewController.swift; sourceTree = "<group>"; };
		A19DF8AE223590D600546AA0 /* SVGKit.framework */ = {isa = PBXFileReference; explicitFileType = wrapper.framework; path = SVGKit.framework; sourceTree = BUILT_PRODUCTS_DIR; };
		A19DF8B0223590E000546AA0 /* Macaw.framework */ = {isa = PBXFileReference; explicitFileType = wrapper.framework; path = Macaw.framework; sourceTree = BUILT_PRODUCTS_DIR; };
		A1A0C9EB223D5C3C00312385 /* CoreData.framework */ = {isa = PBXFileReference; lastKnownFileType = wrapper.framework; name = CoreData.framework; path = System/Library/Frameworks/CoreData.framework; sourceTree = SDKROOT; };
		A1A0C9ED223D646600312385 /* MapaPaisViewController.swift */ = {isa = PBXFileReference; lastKnownFileType = sourcecode.swift; path = MapaPaisViewController.swift; sourceTree = "<group>"; };
		A1A0C9EF223D6FE800312385 /* FavoritosTableViewController.swift */ = {isa = PBXFileReference; lastKnownFileType = sourcecode.swift; path = FavoritosTableViewController.swift; sourceTree = "<group>"; };
		A1A0C9F2223D73D200312385 /* PaisCoreData.xcdatamodel */ = {isa = PBXFileReference; lastKnownFileType = wrapper.xcdatamodel; path = PaisCoreData.xcdatamodel; sourceTree = "<group>"; };
		A1A52E8F2242D05E00225A66 /* PaisFavorito+CoreDataClass.swift */ = {isa = PBXFileReference; lastKnownFileType = sourcecode.swift; name = "PaisFavorito+CoreDataClass.swift"; path = "/Users/fran/Documents/Cursos/MIMO/Asignaturas/IOS/practicas/practicaFinal/appFinal/appFinalFranSalas/appFinalFranSalas/View Model/PaisFavorito+CoreDataClass.swift"; sourceTree = "<absolute>"; };
		A1A52E912242D06600225A66 /* PaisFavorito+CoreDataProperties.swift */ = {isa = PBXFileReference; lastKnownFileType = sourcecode.swift; name = "PaisFavorito+CoreDataProperties.swift"; path = "/Users/fran/Documents/Cursos/MIMO/Asignaturas/IOS/practicas/practicaFinal/appFinal/appFinalFranSalas/appFinalFranSalas/Model/PaisFavorito+CoreDataProperties.swift"; sourceTree = "<absolute>"; };
		A1A52E932242D17900225A66 /* Pais.swift */ = {isa = PBXFileReference; lastKnownFileType = sourcecode.swift; path = Pais.swift; sourceTree = "<group>"; };
		A1A9599D223C0E6A00A5CEC9 /* fondo.jpg */ = {isa = PBXFileReference; lastKnownFileType = image.jpeg; path = fondo.jpg; sourceTree = "<group>"; };
		A1B8CAC3222C2D6E00ECF30A /* PaisListStorage.swift */ = {isa = PBXFileReference; lastKnownFileType = sourcecode.swift; path = PaisListStorage.swift; sourceTree = "<group>"; };
		A1B8CB0E222D30B900ECF30A /* FranTableViewCell.swift */ = {isa = PBXFileReference; lastKnownFileType = sourcecode.swift; path = FranTableViewCell.swift; sourceTree = "<group>"; };
		A1B8CB10222D32B300ECF30A /* FranViewController.swift */ = {isa = PBXFileReference; lastKnownFileType = sourcecode.swift; path = FranViewController.swift; sourceTree = "<group>"; };
		A1C1210822357538008B0289 /* DetallePaisViewController.swift */ = {isa = PBXFileReference; lastKnownFileType = sourcecode.swift; path = DetallePaisViewController.swift; sourceTree = "<group>"; };
		A1C4D1C0224FCD5D000F2E9C /* Images */ = {isa = PBXFileReference; lastKnownFileType = folder; name = Images; sourceTree = "<group>"; };
		A1C50170224F63C900FD595B /* logoUni.jpg */ = {isa = PBXFileReference; lastKnownFileType = image.jpeg; path = logoUni.jpg; sourceTree = "<group>"; };
		A1C50172224F652800FD595B /* logoupsa.jpg */ = {isa = PBXFileReference; lastKnownFileType = image.jpeg; path = logoupsa.jpg; sourceTree = "<group>"; };
		A1C50174224F6C7E00FD595B /* flag-10.png */ = {isa = PBXFileReference; lastKnownFileType = image.png; path = "flag-10.png"; sourceTree = "<group>"; };
		A1C50175224F6C7E00FD595B /* flag-6.png */ = {isa = PBXFileReference; lastKnownFileType = image.png; path = "flag-6.png"; sourceTree = "<group>"; };
		A1C50176224F6C7E00FD595B /* flag-8.png */ = {isa = PBXFileReference; lastKnownFileType = image.png; path = "flag-8.png"; sourceTree = "<group>"; };
		A1C50177224F6C7E00FD595B /* flag-1.png */ = {isa = PBXFileReference; lastKnownFileType = image.png; path = "flag-1.png"; sourceTree = "<group>"; };
		A1C50178224F6C7E00FD595B /* flag-5.png */ = {isa = PBXFileReference; lastKnownFileType = image.png; path = "flag-5.png"; sourceTree = "<group>"; };
		A1C50179224F6C7E00FD595B /* flag-2.png */ = {isa = PBXFileReference; lastKnownFileType = image.png; path = "flag-2.png"; sourceTree = "<group>"; };
		A1C5017A224F6C7F00FD595B /* flag-7.png */ = {isa = PBXFileReference; lastKnownFileType = image.png; path = "flag-7.png"; sourceTree = "<group>"; };
		A1C5017B224F6C7F00FD595B /* flag-4.png */ = {isa = PBXFileReference; lastKnownFileType = image.png; path = "flag-4.png"; sourceTree = "<group>"; };
		A1C5017C224F6C7F00FD595B /* flag-3.png */ = {isa = PBXFileReference; lastKnownFileType = image.png; path = "flag-3.png"; sourceTree = "<group>"; };
		A1C5017D224F6C7F00FD595B /* flag-9.png */ = {isa = PBXFileReference; lastKnownFileType = image.png; path = "flag-9.png"; sourceTree = "<group>"; };
		A1C50188224F732E00FD595B /* flag-11.png */ = {isa = PBXFileReference; lastKnownFileType = image.png; path = "flag-11.png"; sourceTree = "<group>"; };
		A1C50189224F732E00FD595B /* flag-13.png */ = {isa = PBXFileReference; lastKnownFileType = image.png; path = "flag-13.png"; sourceTree = "<group>"; };
		A1C5018A224F732F00FD595B /* flag-19.png */ = {isa = PBXFileReference; lastKnownFileType = image.png; path = "flag-19.png"; sourceTree = "<group>"; };
		A1C5018B224F732F00FD595B /* flag-15.png */ = {isa = PBXFileReference; lastKnownFileType = image.png; path = "flag-15.png"; sourceTree = "<group>"; };
		A1C5018C224F732F00FD595B /* flag-18.png */ = {isa = PBXFileReference; lastKnownFileType = image.png; path = "flag-18.png"; sourceTree = "<group>"; };
		A1C5018D224F732F00FD595B /* flag-20.png */ = {isa = PBXFileReference; lastKnownFileType = image.png; path = "flag-20.png"; sourceTree = "<group>"; };
		A1C5018E224F733000FD595B /* flag-12.png */ = {isa = PBXFileReference; lastKnownFileType = image.png; path = "flag-12.png"; sourceTree = "<group>"; };
		A1C5018F224F733000FD595B /* flag-16.png */ = {isa = PBXFileReference; lastKnownFileType = image.png; path = "flag-16.png"; sourceTree = "<group>"; };
		A1C50190224F733000FD595B /* flag-17.png */ = {isa = PBXFileReference; lastKnownFileType = image.png; path = "flag-17.png"; sourceTree = "<group>"; };
		A1C50191224F733000FD595B /* flag-14.png */ = {isa = PBXFileReference; lastKnownFileType = image.png; path = "flag-14.png"; sourceTree = "<group>"; };
		A1C5019C224F738400FD595B /* moneda.jpeg */ = {isa = PBXFileReference; lastKnownFileType = image.jpeg; path = moneda.jpeg; sourceTree = "<group>"; };
		A1C5019E224F73B800FD595B /* idioma.jpg */ = {isa = PBXFileReference; lastKnownFileType = image.jpeg; path = idioma.jpg; sourceTree = "<group>"; };
		A1C501A0224F749600FD595B /* capital.jpeg */ = {isa = PBXFileReference; lastKnownFileType = image.jpeg; path = capital.jpeg; sourceTree = "<group>"; };
		A1C501A2224F7EED00FD595B /* CapitalPaisViewController.swift */ = {isa = PBXFileReference; fileEncoding = 4; lastKnownFileType = sourcecode.swift; path = CapitalPaisViewController.swift; sourceTree = "<group>"; };
		A1C501A4224F8A6700FD595B /* IdiomasPaisViewController.swift */ = {isa = PBXFileReference; fileEncoding = 4; lastKnownFileType = sourcecode.swift; path = IdiomasPaisViewController.swift; sourceTree = "<group>"; };
		A1C501A6224F916900FD595B /* MonedasPaisViewController.swift */ = {isa = PBXFileReference; fileEncoding = 4; lastKnownFileType = sourcecode.swift; path = MonedasPaisViewController.swift; sourceTree = "<group>"; };
		A1C7A6172241610B00619C72 /* fondoMundo.jpeg */ = {isa = PBXFileReference; lastKnownFileType = image.jpeg; path = fondoMundo.jpeg; sourceTree = "<group>"; };
		A1C91ED922396EA900CA7C12 /* masInfo.png */ = {isa = PBXFileReference; lastKnownFileType = image.png; name = masInfo.png; path = appFinalFranSalas/Images/masInfo.png; sourceTree = SOURCE_ROOT; };
		A1C91EDB22397DBE00CA7C12 /* BanderaListStorage.swift */ = {isa = PBXFileReference; lastKnownFileType = sourcecode.swift; path = BanderaListStorage.swift; sourceTree = "<group>"; };
		A1CABE0C2243FAD600AE2E9C /* stars.jpeg */ = {isa = PBXFileReference; lastKnownFileType = image.jpeg; path = stars.jpeg; sourceTree = "<group>"; };
		A1CABE0E2243FDD400AE2E9C /* logoMimo.jpeg */ = {isa = PBXFileReference; lastKnownFileType = image.jpeg; path = logoMimo.jpeg; sourceTree = "<group>"; };
		A1E24E5F224AB4240031BA27 /* appFinalFranSalas.mobileprovision */ = {isa = PBXFileReference; lastKnownFileType = file; name = appFinalFranSalas.mobileprovision; path = ../../../../../../../../../Downloads/appFinalFranSalas.mobileprovision; sourceTree = "<group>"; };
		A40BAE591CEE91215C30C432 /* Pods-appFinalFranSalas.debug.xcconfig */ = {isa = PBXFileReference; includeInIndex = 1; lastKnownFileType = text.xcconfig; name = "Pods-appFinalFranSalas.debug.xcconfig"; path = "Target Support Files/Pods-appFinalFranSalas/Pods-appFinalFranSalas.debug.xcconfig"; sourceTree = "<group>"; };
		D15145C4C5211CF5D93A978B /* Pods-appFinalFranSalasTests.release.xcconfig */ = {isa = PBXFileReference; includeInIndex = 1; lastKnownFileType = text.xcconfig; name = "Pods-appFinalFranSalasTests.release.xcconfig"; path = "Target Support Files/Pods-appFinalFranSalasTests/Pods-appFinalFranSalasTests.release.xcconfig"; sourceTree = "<group>"; };
/* End PBXFileReference section */

/* Begin PBXFrameworksBuildPhase section */
		A18F4738222A9F8E00401F6A /* Frameworks */ = {
			isa = PBXFrameworksBuildPhase;
			buildActionMask = 2147483647;
			files = (
				A1A0C9EC223D5C3C00312385 /* CoreData.framework in Frameworks */,
				A19DF8AF223590D600546AA0 /* SVGKit.framework in Frameworks */,
				6E5EA9AE2DF7BE7E11E4BDCC /* Pods_appFinalFranSalas.framework in Frameworks */,
			);
			runOnlyForDeploymentPostprocessing = 0;
		};
		A18F474F222A9F9000401F6A /* Frameworks */ = {
			isa = PBXFrameworksBuildPhase;
			buildActionMask = 2147483647;
			files = (
				656C7089C40408B9A88D792E /* Pods_appFinalFranSalasTests.framework in Frameworks */,
			);
			runOnlyForDeploymentPostprocessing = 0;
		};
		A18F475A222A9F9000401F6A /* Frameworks */ = {
			isa = PBXFrameworksBuildPhase;
			buildActionMask = 2147483647;
			files = (
				8E5C8161105190D32CCBB5D8 /* Pods_appFinalFranSalasUITests.framework in Frameworks */,
			);
			runOnlyForDeploymentPostprocessing = 0;
		};
/* End PBXFrameworksBuildPhase section */

/* Begin PBXGroup section */
		417FCDCB8B06E417137289FC /* Pods */ = {
			isa = PBXGroup;
			children = (
				A40BAE591CEE91215C30C432 /* Pods-appFinalFranSalas.debug.xcconfig */,
				9D64AE8A8B6A2A9440C138C6 /* Pods-appFinalFranSalas.release.xcconfig */,
				57E5904B2FE8B17ADAE4CE63 /* Pods-appFinalFranSalasTests.debug.xcconfig */,
				D15145C4C5211CF5D93A978B /* Pods-appFinalFranSalasTests.release.xcconfig */,
				759C56F4CF64DD724988BDDC /* Pods-appFinalFranSalasUITests.debug.xcconfig */,
				950291F1AE109458E573ECDB /* Pods-appFinalFranSalasUITests.release.xcconfig */,
			);
			path = Pods;
			sourceTree = "<group>";
		};
		A127457D223D1FEC00701670 /* CustomCell */ = {
			isa = PBXGroup;
			children = (
				A1B8CB0E222D30B900ECF30A /* FranTableViewCell.swift */,
			);
			path = CustomCell;
			sourceTree = "<group>";
		};
		A18F4732222A9F8E00401F6A = {
			isa = PBXGroup;
			children = (
				A1E24E5F224AB4240031BA27 /* appFinalFranSalas.mobileprovision */,
				A18F473D222A9F8E00401F6A /* appFinalFranSalas */,
				A18F4755222A9F9000401F6A /* appFinalFranSalasTests */,
				A18F4760222A9F9000401F6A /* appFinalFranSalasUITests */,
				A18F473C222A9F8E00401F6A /* Products */,
				417FCDCB8B06E417137289FC /* Pods */,
				B6D5FEADA83AE7E9E7A0EE8E /* Frameworks */,
			);
			sourceTree = "<group>";
		};
		A18F473C222A9F8E00401F6A /* Products */ = {
			isa = PBXGroup;
			children = (
				A18F473B222A9F8E00401F6A /* appFinalFranSalas.app */,
				A18F4752222A9F9000401F6A /* appFinalFranSalasTests.xctest */,
				A18F475D222A9F9000401F6A /* appFinalFranSalasUITests.xctest */,
			);
			name = Products;
			sourceTree = "<group>";
		};
		A18F473D222A9F8E00401F6A /* appFinalFranSalas */ = {
			isa = PBXGroup;
			children = (
				A18F473E222A9F8E00401F6A /* AppDelegate.swift */,
				A127457D223D1FEC00701670 /* CustomCell */,
				A1B8CAC2222C29D800ECF30A /* Controller */,
				A1B8CAC1222C29CE00ECF30A /* View Model */,
				A1B8CABF222C299B00ECF30A /* Model */,
				A1B8CAC0222C29A300ECF30A /* Images */,
				A18F4742222A9F8E00401F6A /* Main.storyboard */,
				A18F4748222A9F9000401F6A /* Assets.xcassets */,
				A18F474A222A9F9000401F6A /* LaunchScreen.storyboard */,
				A18F474D222A9F9000401F6A /* Info.plist */,
			);
			path = appFinalFranSalas;
			sourceTree = "<group>";
		};
		A18F4755222A9F9000401F6A /* appFinalFranSalasTests */ = {
			isa = PBXGroup;
			children = (
				A18F4756222A9F9000401F6A /* appFinalFranSalasTests.swift */,
				A18F4758222A9F9000401F6A /* Info.plist */,
			);
			path = appFinalFranSalasTests;
			sourceTree = "<group>";
		};
		A18F4760222A9F9000401F6A /* appFinalFranSalasUITests */ = {
			isa = PBXGroup;
			children = (
				A18F4761222A9F9000401F6A /* appFinalFranSalasUITests.swift */,
				A18F4763222A9F9000401F6A /* Info.plist */,
			);
			path = appFinalFranSalasUITests;
			sourceTree = "<group>";
		};
		A1B8CABF222C299B00ECF30A /* Model */ = {
			isa = PBXGroup;
			children = (
				A1A52E912242D06600225A66 /* PaisFavorito+CoreDataProperties.swift */,
				A1A52E8F2242D05E00225A66 /* PaisFavorito+CoreDataClass.swift */,
				A1A0C9F1223D73D200312385 /* appFinalFranSalas.xcdatamodeld */,
				A1A52E932242D17900225A66 /* Pais.swift */,
			);
			path = Model;
			sourceTree = "<group>";
		};
		A1B8CAC0222C29A300ECF30A /* Images */ = {
			isa = PBXGroup;
			children = (
				A1C4D1C0224FCD5D000F2E9C /* Images */,
				A1C501A0224F749600FD595B /* capital.jpeg */,
				A1C5019E224F73B800FD595B /* idioma.jpg */,
				A1C5019C224F738400FD595B /* moneda.jpeg */,
				A1C50177224F6C7E00FD595B /* flag-1.png */,
				A1C50179224F6C7E00FD595B /* flag-2.png */,
				A1C5017C224F6C7F00FD595B /* flag-3.png */,
				A1C5017B224F6C7F00FD595B /* flag-4.png */,
				A1C50178224F6C7E00FD595B /* flag-5.png */,
				A1C50175224F6C7E00FD595B /* flag-6.png */,
				A1C5017A224F6C7F00FD595B /* flag-7.png */,
				A1C50176224F6C7E00FD595B /* flag-8.png */,
				A1C5017D224F6C7F00FD595B /* flag-9.png */,
				A1C50174224F6C7E00FD595B /* flag-10.png */,
				A1C50188224F732E00FD595B /* flag-11.png */,
				A1C5018E224F733000FD595B /* flag-12.png */,
				A1C50189224F732E00FD595B /* flag-13.png */,
				A1C50191224F733000FD595B /* flag-14.png */,
				A1C5018B224F732F00FD595B /* flag-15.png */,
				A1C5018F224F733000FD595B /* flag-16.png */,
				A1C50190224F733000FD595B /* flag-17.png */,
				A1C5018C224F732F00FD595B /* flag-18.png */,
				A1C5018A224F732F00FD595B /* flag-19.png */,
				A1C5018D224F732F00FD595B /* flag-20.png */,
				A1C50172224F652800FD595B /* logoupsa.jpg */,
				A1C50170224F63C900FD595B /* logoUni.jpg */,
				A1CABE0C2243FAD600AE2E9C /* stars.jpeg */,
				A127457B223D1AA100701670 /* posEnMapa.png */,
				A1274576223CF4A300701670 /* corazonvacio.png */,
				A1274575223CF4A200701670 /* corazonlleno.png */,
				A1274577223CF4A300701670 /* paises.jpeg */,
				A1A9599D223C0E6A00A5CEC9 /* fondo.jpg */,
				A1C7A6172241610B00619C72 /* fondoMundo.jpeg */,
				A1C91ED922396EA900CA7C12 /* masInfo.png */,
				A1CABE0E2243FDD400AE2E9C /* logoMimo.jpeg */,
			);
			path = Images;
			sourceTree = "<group>";
		};
		A1B8CAC1222C29CE00ECF30A /* View Model */ = {
			isa = PBXGroup;
			children = (
				A1B8CAC3222C2D6E00ECF30A /* PaisListStorage.swift */,
				A1C91EDB22397DBE00CA7C12 /* BanderaListStorage.swift */,
			);
			path = "View Model";
			sourceTree = "<group>";
		};
		A1B8CAC2222C29D800ECF30A /* Controller */ = {
			isa = PBXGroup;
			children = (
				A1C1210822357538008B0289 /* DetallePaisViewController.swift */,
				A1C501A4224F8A6700FD595B /* IdiomasPaisViewController.swift */,
				A1C501A6224F916900FD595B /* MonedasPaisViewController.swift */,
				A1C501A2224F7EED00FD595B /* CapitalPaisViewController.swift */,
				A1B8CB10222D32B300ECF30A /* FranViewController.swift */,
				A1A0C9EF223D6FE800312385 /* FavoritosTableViewController.swift */,
				A198C0F8222D78890039E350 /* PaisViewController.swift */,
				A1A0C9ED223D646600312385 /* MapaPaisViewController.swift */,
			);
			path = Controller;
			sourceTree = "<group>";
		};
		B6D5FEADA83AE7E9E7A0EE8E /* Frameworks */ = {
			isa = PBXGroup;
			children = (
				A1A0C9EB223D5C3C00312385 /* CoreData.framework */,
				A19DF8B0223590E000546AA0 /* Macaw.framework */,
				A19DF8AE223590D600546AA0 /* SVGKit.framework */,
				457B59C04C704A2E52151E20 /* Pods_appFinalFranSalas.framework */,
				17EB328E8AC16E3661C1E6D7 /* Pods_appFinalFranSalasTests.framework */,
				A1024B2314216F46A167BE64 /* Pods_appFinalFranSalasUITests.framework */,
			);
			name = Frameworks;
			sourceTree = "<group>";
		};
/* End PBXGroup section */

/* Begin PBXNativeTarget section */
		A18F473A222A9F8E00401F6A /* appFinalFranSalas */ = {
			isa = PBXNativeTarget;
			buildConfigurationList = A18F4766222A9F9000401F6A /* Build configuration list for PBXNativeTarget "appFinalFranSalas" */;
			buildPhases = (
				3B96D8E844546971BF8B466C /* [CP] Check Pods Manifest.lock */,
				A18F4737222A9F8E00401F6A /* Sources */,
				A18F4738222A9F8E00401F6A /* Frameworks */,
				A18F4739222A9F8E00401F6A /* Resources */,
				17989E9F4D4D519125AFC72B /* [CP] Embed Pods Frameworks */,
			);
			buildRules = (
			);
			dependencies = (
			);
			name = appFinalFranSalas;
			productName = appFinalFranSalas;
			productReference = A18F473B222A9F8E00401F6A /* appFinalFranSalas.app */;
			productType = "com.apple.product-type.application";
		};
		A18F4751222A9F9000401F6A /* appFinalFranSalasTests */ = {
			isa = PBXNativeTarget;
			buildConfigurationList = A18F4769222A9F9000401F6A /* Build configuration list for PBXNativeTarget "appFinalFranSalasTests" */;
			buildPhases = (
				F77788118B61A17F8FFF16AB /* [CP] Check Pods Manifest.lock */,
				A18F474E222A9F9000401F6A /* Sources */,
				A18F474F222A9F9000401F6A /* Frameworks */,
				A18F4750222A9F9000401F6A /* Resources */,
			);
			buildRules = (
			);
			dependencies = (
				A18F4754222A9F9000401F6A /* PBXTargetDependency */,
			);
			name = appFinalFranSalasTests;
			productName = appFinalFranSalasTests;
			productReference = A18F4752222A9F9000401F6A /* appFinalFranSalasTests.xctest */;
			productType = "com.apple.product-type.bundle.unit-test";
		};
		A18F475C222A9F9000401F6A /* appFinalFranSalasUITests */ = {
			isa = PBXNativeTarget;
			buildConfigurationList = A18F476C222A9F9000401F6A /* Build configuration list for PBXNativeTarget "appFinalFranSalasUITests" */;
			buildPhases = (
				47124C15BFB3D0022430047C /* [CP] Check Pods Manifest.lock */,
				A18F4759222A9F9000401F6A /* Sources */,
				A18F475A222A9F9000401F6A /* Frameworks */,
				A18F475B222A9F9000401F6A /* Resources */,
			);
			buildRules = (
			);
			dependencies = (
				A18F475F222A9F9000401F6A /* PBXTargetDependency */,
			);
			name = appFinalFranSalasUITests;
			productName = appFinalFranSalasUITests;
			productReference = A18F475D222A9F9000401F6A /* appFinalFranSalasUITests.xctest */;
			productType = "com.apple.product-type.bundle.ui-testing";
		};
/* End PBXNativeTarget section */

/* Begin PBXProject section */
		A18F4733222A9F8E00401F6A /* Project object */ = {
			isa = PBXProject;
			attributes = {
				LastSwiftUpdateCheck = 1010;
				LastUpgradeCheck = 1010;
				ORGANIZATIONNAME = Fran;
				TargetAttributes = {
					A18F473A222A9F8E00401F6A = {
						CreatedOnToolsVersion = 10.1;
						DevelopmentTeam = A5UCFNWB8C;
						LastSwiftMigration = 1010;
						ProvisioningStyle = Manual;
					};
					A18F4751222A9F9000401F6A = {
						CreatedOnToolsVersion = 10.1;
						ProvisioningStyle = Automatic;
						TestTargetID = A18F473A222A9F8E00401F6A;
					};
					A18F475C222A9F9000401F6A = {
						CreatedOnToolsVersion = 10.1;
						ProvisioningStyle = Automatic;
						TestTargetID = A18F473A222A9F8E00401F6A;
					};
				};
			};
			buildConfigurationList = A18F4736222A9F8E00401F6A /* Build configuration list for PBXProject "appFinalFranSalas" */;
			compatibilityVersion = "Xcode 3.2";
			developmentRegion = en;
			hasScannedForEncodings = 0;
			knownRegions = (
				en,
				Base,
			);
			mainGroup = A18F4732222A9F8E00401F6A;
			productRefGroup = A18F473C222A9F8E00401F6A /* Products */;
			projectDirPath = "";
			projectRoot = "";
			targets = (
				A18F473A222A9F8E00401F6A /* appFinalFranSalas */,
				A18F4751222A9F9000401F6A /* appFinalFranSalasTests */,
				A18F475C222A9F9000401F6A /* appFinalFranSalasUITests */,
			);
		};
/* End PBXProject section */

/* Begin PBXResourcesBuildPhase section */
		A18F4739222A9F8E00401F6A /* Resources */ = {
			isa = PBXResourcesBuildPhase;
			buildActionMask = 2147483647;
			files = (
				A1C50196224F733100FD595B /* flag-18.png in Resources */,
				A1274578223CF4A300701670 /* corazonlleno.png in Resources */,
				A1C50185224F6C7F00FD595B /* flag-4.png in Resources */,
				A1C5019F224F73B800FD595B /* idioma.jpg in Resources */,
				A1C501A1224F749700FD595B /* capital.jpeg in Resources */,
				A18F474C222A9F9000401F6A /* LaunchScreen.storyboard in Resources */,
				A18F4749222A9F9000401F6A /* Assets.xcassets in Resources */,
				A1C50197224F733100FD595B /* flag-20.png in Resources */,
				A18F4744222A9F8E00401F6A /* Main.storyboard in Resources */,
				A1CABE0F2243FDD500AE2E9C /* logoMimo.jpeg in Resources */,
				A1C50198224F733100FD595B /* flag-12.png in Resources */,
				A1C50199224F733100FD595B /* flag-16.png in Resources */,
				A1C50171224F63CA00FD595B /* logoUni.jpg in Resources */,
				A1C4D1C1224FCD5D000F2E9C /* Images in Resources */,
				A1C5017E224F6C7F00FD595B /* flag-10.png in Resources */,
				A1C5017F224F6C7F00FD595B /* flag-6.png in Resources */,
				A1C50192224F733100FD595B /* flag-11.png in Resources */,
				A1C5019B224F733100FD595B /* flag-14.png in Resources */,
				A1C7A6182241610B00619C72 /* fondoMundo.jpeg in Resources */,
				A1C50182224F6C7F00FD595B /* flag-5.png in Resources */,
				A127457C223D1AA100701670 /* posEnMapa.png in Resources */,
				A1C50173224F652800FD595B /* logoupsa.jpg in Resources */,
				A1C50183224F6C7F00FD595B /* flag-2.png in Resources */,
				A1C50195224F733100FD595B /* flag-15.png in Resources */,
				A1C50194224F733100FD595B /* flag-19.png in Resources */,
				A1CABE0D2243FAD600AE2E9C /* stars.jpeg in Resources */,
				A1C50180224F6C7F00FD595B /* flag-8.png in Resources */,
				A127457A223CF4A300701670 /* paises.jpeg in Resources */,
				A1C50193224F733100FD595B /* flag-13.png in Resources */,
				A1C50181224F6C7F00FD595B /* flag-1.png in Resources */,
				A1E24E60224AB4250031BA27 /* appFinalFranSalas.mobileprovision in Resources */,
				A1C5019A224F733100FD595B /* flag-17.png in Resources */,
				A1C50187224F6C7F00FD595B /* flag-9.png in Resources */,
				A1C91EDA22396EA900CA7C12 /* masInfo.png in Resources */,
				A1C5019D224F738400FD595B /* moneda.jpeg in Resources */,
				A1A9599E223C0E6A00A5CEC9 /* fondo.jpg in Resources */,
				A1274579223CF4A300701670 /* corazonvacio.png in Resources */,
				A1C50184224F6C7F00FD595B /* flag-7.png in Resources */,
				A1C50186224F6C7F00FD595B /* flag-3.png in Resources */,
			);
			runOnlyForDeploymentPostprocessing = 0;
		};
		A18F4750222A9F9000401F6A /* Resources */ = {
			isa = PBXResourcesBuildPhase;
			buildActionMask = 2147483647;
			files = (
			);
			runOnlyForDeploymentPostprocessing = 0;
		};
		A18F475B222A9F9000401F6A /* Resources */ = {
			isa = PBXResourcesBuildPhase;
			buildActionMask = 2147483647;
			files = (
			);
			runOnlyForDeploymentPostprocessing = 0;
		};
/* End PBXResourcesBuildPhase section */

/* Begin PBXShellScriptBuildPhase section */
		17989E9F4D4D519125AFC72B /* [CP] Embed Pods Frameworks */ = {
			isa = PBXShellScriptBuildPhase;
			buildActionMask = 2147483647;
			files = (
			);
			inputFileListPaths = (
			);
			inputPaths = (
				"${PODS_ROOT}/Target Support Files/Pods-appFinalFranSalas/Pods-appFinalFranSalas-frameworks.sh",
				"${BUILT_PRODUCTS_DIR}/Alamofire/Alamofire.framework",
				"${BUILT_PRODUCTS_DIR}/AlamofireImage/AlamofireImage.framework",
				"${BUILT_PRODUCTS_DIR}/CocoaLumberjack/CocoaLumberjack.framework",
				"${BUILT_PRODUCTS_DIR}/Macaw/Macaw.framework",
				"${BUILT_PRODUCTS_DIR}/SVGKit/SVGKit.framework",
				"${BUILT_PRODUCTS_DIR}/SWXMLHash/SWXMLHash.framework",
			);
			name = "[CP] Embed Pods Frameworks";
			outputFileListPaths = (
			);
			outputPaths = (
				"${TARGET_BUILD_DIR}/${FRAMEWORKS_FOLDER_PATH}/Alamofire.framework",
				"${TARGET_BUILD_DIR}/${FRAMEWORKS_FOLDER_PATH}/AlamofireImage.framework",
				"${TARGET_BUILD_DIR}/${FRAMEWORKS_FOLDER_PATH}/CocoaLumberjack.framework",
				"${TARGET_BUILD_DIR}/${FRAMEWORKS_FOLDER_PATH}/Macaw.framework",
				"${TARGET_BUILD_DIR}/${FRAMEWORKS_FOLDER_PATH}/SVGKit.framework",
				"${TARGET_BUILD_DIR}/${FRAMEWORKS_FOLDER_PATH}/SWXMLHash.framework",
			);
			runOnlyForDeploymentPostprocessing = 0;
			shellPath = /bin/sh;
			shellScript = "\"${PODS_ROOT}/Target Support Files/Pods-appFinalFranSalas/Pods-appFinalFranSalas-frameworks.sh\"\n";
			showEnvVarsInLog = 0;
		};
		3B96D8E844546971BF8B466C /* [CP] Check Pods Manifest.lock */ = {
			isa = PBXShellScriptBuildPhase;
			buildActionMask = 2147483647;
			files = (
			);
			inputFileListPaths = (
			);
			inputPaths = (
				"${PODS_PODFILE_DIR_PATH}/Podfile.lock",
				"${PODS_ROOT}/Manifest.lock",
			);
			name = "[CP] Check Pods Manifest.lock";
			outputFileListPaths = (
			);
			outputPaths = (
				"$(DERIVED_FILE_DIR)/Pods-appFinalFranSalas-checkManifestLockResult.txt",
			);
			runOnlyForDeploymentPostprocessing = 0;
			shellPath = /bin/sh;
			shellScript = "diff \"${PODS_PODFILE_DIR_PATH}/Podfile.lock\" \"${PODS_ROOT}/Manifest.lock\" > /dev/null\nif [ $? != 0 ] ; then\n    # print error to STDERR\n    echo \"error: The sandbox is not in sync with the Podfile.lock. Run 'pod install' or update your CocoaPods installation.\" >&2\n    exit 1\nfi\n# This output is used by Xcode 'outputs' to avoid re-running this script phase.\necho \"SUCCESS\" > \"${SCRIPT_OUTPUT_FILE_0}\"\n";
			showEnvVarsInLog = 0;
		};
		47124C15BFB3D0022430047C /* [CP] Check Pods Manifest.lock */ = {
			isa = PBXShellScriptBuildPhase;
			buildActionMask = 2147483647;
			files = (
			);
			inputFileListPaths = (
			);
			inputPaths = (
				"${PODS_PODFILE_DIR_PATH}/Podfile.lock",
				"${PODS_ROOT}/Manifest.lock",
			);
			name = "[CP] Check Pods Manifest.lock";
			outputFileListPaths = (
			);
			outputPaths = (
				"$(DERIVED_FILE_DIR)/Pods-appFinalFranSalasUITests-checkManifestLockResult.txt",
			);
			runOnlyForDeploymentPostprocessing = 0;
			shellPath = /bin/sh;
			shellScript = "diff \"${PODS_PODFILE_DIR_PATH}/Podfile.lock\" \"${PODS_ROOT}/Manifest.lock\" > /dev/null\nif [ $? != 0 ] ; then\n    # print error to STDERR\n    echo \"error: The sandbox is not in sync with the Podfile.lock. Run 'pod install' or update your CocoaPods installation.\" >&2\n    exit 1\nfi\n# This output is used by Xcode 'outputs' to avoid re-running this script phase.\necho \"SUCCESS\" > \"${SCRIPT_OUTPUT_FILE_0}\"\n";
			showEnvVarsInLog = 0;
		};
		F77788118B61A17F8FFF16AB /* [CP] Check Pods Manifest.lock */ = {
			isa = PBXShellScriptBuildPhase;
			buildActionMask = 2147483647;
			files = (
			);
			inputFileListPaths = (
			);
			inputPaths = (
				"${PODS_PODFILE_DIR_PATH}/Podfile.lock",
				"${PODS_ROOT}/Manifest.lock",
			);
			name = "[CP] Check Pods Manifest.lock";
			outputFileListPaths = (
			);
			outputPaths = (
				"$(DERIVED_FILE_DIR)/Pods-appFinalFranSalasTests-checkManifestLockResult.txt",
			);
			runOnlyForDeploymentPostprocessing = 0;
			shellPath = /bin/sh;
			shellScript = "diff \"${PODS_PODFILE_DIR_PATH}/Podfile.lock\" \"${PODS_ROOT}/Manifest.lock\" > /dev/null\nif [ $? != 0 ] ; then\n    # print error to STDERR\n    echo \"error: The sandbox is not in sync with the Podfile.lock. Run 'pod install' or update your CocoaPods installation.\" >&2\n    exit 1\nfi\n# This output is used by Xcode 'outputs' to avoid re-running this script phase.\necho \"SUCCESS\" > \"${SCRIPT_OUTPUT_FILE_0}\"\n";
			showEnvVarsInLog = 0;
		};
/* End PBXShellScriptBuildPhase section */

/* Begin PBXSourcesBuildPhase section */
		A18F4737222A9F8E00401F6A /* Sources */ = {
			isa = PBXSourcesBuildPhase;
			buildActionMask = 2147483647;
			files = (
				A1C501A3224F7EED00FD595B /* CapitalPaisViewController.swift in Sources */,
				A198C0F9222D78890039E350 /* PaisViewController.swift in Sources */,
				A1C1210922357538008B0289 /* DetallePaisViewController.swift in Sources */,
				A1A52E942242D17900225A66 /* Pais.swift in Sources */,
				A1A0C9F0223D6FE800312385 /* FavoritosTableViewController.swift in Sources */,
				A1B8CB0F222D30B900ECF30A /* FranTableViewCell.swift in Sources */,
				A1A52E922242D06600225A66 /* PaisFavorito+CoreDataProperties.swift in Sources */,
				A1A0C9EE223D646600312385 /* MapaPaisViewController.swift in Sources */,
				A1B8CB11222D32B300ECF30A /* FranViewController.swift in Sources */,
				A1C501A5224F8A6700FD595B /* IdiomasPaisViewController.swift in Sources */,
				A1C91EDC22397DBE00CA7C12 /* BanderaListStorage.swift in Sources */,
				A1A52E902242D05E00225A66 /* PaisFavorito+CoreDataClass.swift in Sources */,
				A1A0C9F3223D73D200312385 /* appFinalFranSalas.xcdatamodeld in Sources */,
				A1C501A7224F916900FD595B /* MonedasPaisViewController.swift in Sources */,
				A1B8CAC4222C2D6E00ECF30A /* PaisListStorage.swift in Sources */,
				A18F473F222A9F8E00401F6A /* AppDelegate.swift in Sources */,
			);
			runOnlyForDeploymentPostprocessing = 0;
		};
		A18F474E222A9F9000401F6A /* Sources */ = {
			isa = PBXSourcesBuildPhase;
			buildActionMask = 2147483647;
			files = (
				A18F4757222A9F9000401F6A /* appFinalFranSalasTests.swift in Sources */,
			);
			runOnlyForDeploymentPostprocessing = 0;
		};
		A18F4759222A9F9000401F6A /* Sources */ = {
			isa = PBXSourcesBuildPhase;
			buildActionMask = 2147483647;
			files = (
				A18F4762222A9F9000401F6A /* appFinalFranSalasUITests.swift in Sources */,
			);
			runOnlyForDeploymentPostprocessing = 0;
		};
/* End PBXSourcesBuildPhase section */

/* Begin PBXTargetDependency section */
		A18F4754222A9F9000401F6A /* PBXTargetDependency */ = {
			isa = PBXTargetDependency;
			target = A18F473A222A9F8E00401F6A /* appFinalFranSalas */;
			targetProxy = A18F4753222A9F9000401F6A /* PBXContainerItemProxy */;
		};
		A18F475F222A9F9000401F6A /* PBXTargetDependency */ = {
			isa = PBXTargetDependency;
			target = A18F473A222A9F8E00401F6A /* appFinalFranSalas */;
			targetProxy = A18F475E222A9F9000401F6A /* PBXContainerItemProxy */;
		};
/* End PBXTargetDependency section */

/* Begin PBXVariantGroup section */
		A18F4742222A9F8E00401F6A /* Main.storyboard */ = {
			isa = PBXVariantGroup;
			children = (
				A18F4743222A9F8E00401F6A /* Base */,
			);
			name = Main.storyboard;
			sourceTree = "<group>";
		};
		A18F474A222A9F9000401F6A /* LaunchScreen.storyboard */ = {
			isa = PBXVariantGroup;
			children = (
				A18F474B222A9F9000401F6A /* Base */,
			);
			name = LaunchScreen.storyboard;
			sourceTree = "<group>";
		};
/* End PBXVariantGroup section */

/* Begin XCBuildConfiguration section */
		A18F4764222A9F9000401F6A /* Debug */ = {
			isa = XCBuildConfiguration;
			buildSettings = {
				ALWAYS_SEARCH_USER_PATHS = NO;
				CLANG_ANALYZER_NONNULL = YES;
				CLANG_ANALYZER_NUMBER_OBJECT_CONVERSION = YES_AGGRESSIVE;
				CLANG_CXX_LANGUAGE_STANDARD = "gnu++14";
				CLANG_CXX_LIBRARY = "libc++";
				CLANG_ENABLE_MODULES = YES;
				CLANG_ENABLE_OBJC_ARC = YES;
				CLANG_ENABLE_OBJC_WEAK = YES;
				CLANG_WARN_BLOCK_CAPTURE_AUTORELEASING = YES;
				CLANG_WARN_BOOL_CONVERSION = YES;
				CLANG_WARN_COMMA = YES;
				CLANG_WARN_CONSTANT_CONVERSION = YES;
				CLANG_WARN_DEPRECATED_OBJC_IMPLEMENTATIONS = YES;
				CLANG_WARN_DIRECT_OBJC_ISA_USAGE = YES_ERROR;
				CLANG_WARN_DOCUMENTATION_COMMENTS = YES;
				CLANG_WARN_EMPTY_BODY = YES;
				CLANG_WARN_ENUM_CONVERSION = YES;
				CLANG_WARN_INFINITE_RECURSION = YES;
				CLANG_WARN_INT_CONVERSION = YES;
				CLANG_WARN_NON_LITERAL_NULL_CONVERSION = YES;
				CLANG_WARN_OBJC_IMPLICIT_RETAIN_SELF = YES;
				CLANG_WARN_OBJC_LITERAL_CONVERSION = YES;
				CLANG_WARN_OBJC_ROOT_CLASS = YES_ERROR;
				CLANG_WARN_RANGE_LOOP_ANALYSIS = YES;
				CLANG_WARN_STRICT_PROTOTYPES = YES;
				CLANG_WARN_SUSPICIOUS_MOVE = YES;
				CLANG_WARN_UNGUARDED_AVAILABILITY = YES_AGGRESSIVE;
				CLANG_WARN_UNREACHABLE_CODE = YES;
				CLANG_WARN__DUPLICATE_METHOD_MATCH = YES;
				CODE_SIGN_IDENTITY = "iPhone Developer";
				COPY_PHASE_STRIP = NO;
				DEBUG_INFORMATION_FORMAT = dwarf;
				ENABLE_STRICT_OBJC_MSGSEND = YES;
				ENABLE_TESTABILITY = YES;
				GCC_C_LANGUAGE_STANDARD = gnu11;
				GCC_DYNAMIC_NO_PIC = NO;
				GCC_NO_COMMON_BLOCKS = YES;
				GCC_OPTIMIZATION_LEVEL = 0;
				GCC_PREPROCESSOR_DEFINITIONS = (
					"DEBUG=1",
					"$(inherited)",
				);
				GCC_WARN_64_TO_32_BIT_CONVERSION = YES;
				GCC_WARN_ABOUT_RETURN_TYPE = YES_ERROR;
				GCC_WARN_UNDECLARED_SELECTOR = YES;
				GCC_WARN_UNINITIALIZED_AUTOS = YES_AGGRESSIVE;
				GCC_WARN_UNUSED_FUNCTION = YES;
				GCC_WARN_UNUSED_VARIABLE = YES;
				IPHONEOS_DEPLOYMENT_TARGET = 12.1;
				MTL_ENABLE_DEBUG_INFO = INCLUDE_SOURCE;
				MTL_FAST_MATH = YES;
				ONLY_ACTIVE_ARCH = YES;
				SDKROOT = iphoneos;
				SWIFT_ACTIVE_COMPILATION_CONDITIONS = DEBUG;
				SWIFT_OPTIMIZATION_LEVEL = "-Onone";
			};
			name = Debug;
		};
		A18F4765222A9F9000401F6A /* Release */ = {
			isa = XCBuildConfiguration;
			buildSettings = {
				ALWAYS_SEARCH_USER_PATHS = NO;
				CLANG_ANALYZER_NONNULL = YES;
				CLANG_ANALYZER_NUMBER_OBJECT_CONVERSION = YES_AGGRESSIVE;
				CLANG_CXX_LANGUAGE_STANDARD = "gnu++14";
				CLANG_CXX_LIBRARY = "libc++";
				CLANG_ENABLE_MODULES = YES;
				CLANG_ENABLE_OBJC_ARC = YES;
				CLANG_ENABLE_OBJC_WEAK = YES;
				CLANG_WARN_BLOCK_CAPTURE_AUTORELEASING = YES;
				CLANG_WARN_BOOL_CONVERSION = YES;
				CLANG_WARN_COMMA = YES;
				CLANG_WARN_CONSTANT_CONVERSION = YES;
				CLANG_WARN_DEPRECATED_OBJC_IMPLEMENTATIONS = YES;
				CLANG_WARN_DIRECT_OBJC_ISA_USAGE = YES_ERROR;
				CLANG_WARN_DOCUMENTATION_COMMENTS = YES;
				CLANG_WARN_EMPTY_BODY = YES;
				CLANG_WARN_ENUM_CONVERSION = YES;
				CLANG_WARN_INFINITE_RECURSION = YES;
				CLANG_WARN_INT_CONVERSION = YES;
				CLANG_WARN_NON_LITERAL_NULL_CONVERSION = YES;
				CLANG_WARN_OBJC_IMPLICIT_RETAIN_SELF = YES;
				CLANG_WARN_OBJC_LITERAL_CONVERSION = YES;
				CLANG_WARN_OBJC_ROOT_CLASS = YES_ERROR;
				CLANG_WARN_RANGE_LOOP_ANALYSIS = YES;
				CLANG_WARN_STRICT_PROTOTYPES = YES;
				CLANG_WARN_SUSPICIOUS_MOVE = YES;
				CLANG_WARN_UNGUARDED_AVAILABILITY = YES_AGGRESSIVE;
				CLANG_WARN_UNREACHABLE_CODE = YES;
				CLANG_WARN__DUPLICATE_METHOD_MATCH = YES;
				CODE_SIGN_IDENTITY = "iPhone Developer";
				COPY_PHASE_STRIP = NO;
				DEBUG_INFORMATION_FORMAT = "dwarf-with-dsym";
				ENABLE_NS_ASSERTIONS = NO;
				ENABLE_STRICT_OBJC_MSGSEND = YES;
				GCC_C_LANGUAGE_STANDARD = gnu11;
				GCC_NO_COMMON_BLOCKS = YES;
				GCC_WARN_64_TO_32_BIT_CONVERSION = YES;
				GCC_WARN_ABOUT_RETURN_TYPE = YES_ERROR;
				GCC_WARN_UNDECLARED_SELECTOR = YES;
				GCC_WARN_UNINITIALIZED_AUTOS = YES_AGGRESSIVE;
				GCC_WARN_UNUSED_FUNCTION = YES;
				GCC_WARN_UNUSED_VARIABLE = YES;
				IPHONEOS_DEPLOYMENT_TARGET = 12.1;
				MTL_ENABLE_DEBUG_INFO = NO;
				MTL_FAST_MATH = YES;
				SDKROOT = iphoneos;
				SWIFT_OPTIMIZATION_LEVEL = "-Owholemodule";
				VALIDATE_PRODUCT = YES;
			};
			name = Release;
		};
		A18F4767222A9F9000401F6A /* Debug */ = {
			isa = XCBuildConfiguration;
			baseConfigurationReference = A40BAE591CEE91215C30C432 /* Pods-appFinalFranSalas.debug.xcconfig */;
			buildSettings = {
				ASSETCATALOG_COMPILER_APPICON_NAME = AppIcon;
				CLANG_ENABLE_MODULES = YES;
				CODE_SIGN_IDENTITY = "iPhone Distribution: MIMO. Master de Informatica Movil - Universidad Pontificia de Salamanca (A5UCFNWB8C)";
				"CODE_SIGN_IDENTITY[sdk=iphoneos*]" = "iPhone Distribution: MIMO. Master de Informatica Movil - Universidad Pontificia de Salamanca (A5UCFNWB8C)";
				CODE_SIGN_STYLE = Manual;
				DEVELOPMENT_TEAM = A5UCFNWB8C;
				INFOPLIST_FILE = appFinalFranSalas/Info.plist;
				LD_RUNPATH_SEARCH_PATHS = "$(inherited) @executable_path/Frameworks";
				PRODUCT_BUNDLE_IDENTIFIER = es.upsa.mimo.appFinalFranSalas;
				PRODUCT_NAME = "$(TARGET_NAME)";
				PROVISIONING_PROFILE_SPECIFIER = appFinalFranSalas;
				SWIFT_OPTIMIZATION_LEVEL = "-Onone";
				SWIFT_VERSION = 4.0;
				TARGETED_DEVICE_FAMILY = "1,2";
			};
			name = Debug;
		};
		A18F4768222A9F9000401F6A /* Release */ = {
			isa = XCBuildConfiguration;
			baseConfigurationReference = 9D64AE8A8B6A2A9440C138C6 /* Pods-appFinalFranSalas.release.xcconfig */;
			buildSettings = {
				ASSETCATALOG_COMPILER_APPICON_NAME = AppIcon;
				CLANG_ENABLE_MODULES = YES;
				CODE_SIGN_IDENTITY = "iPhone Distribution: MIMO. Master de Informatica Movil - Universidad Pontificia de Salamanca (A5UCFNWB8C)";
				"CODE_SIGN_IDENTITY[sdk=iphoneos*]" = "iPhone Distribution: MIMO. Master de Informatica Movil - Universidad Pontificia de Salamanca (A5UCFNWB8C)";
				CODE_SIGN_STYLE = Manual;
				DEVELOPMENT_TEAM = A5UCFNWB8C;
				INFOPLIST_FILE = appFinalFranSalas/Info.plist;
				LD_RUNPATH_SEARCH_PATHS = "$(inherited) @executable_path/Frameworks";
				PRODUCT_BUNDLE_IDENTIFIER = es.upsa.mimo.appFinalFranSalas;
				PRODUCT_NAME = "$(TARGET_NAME)";
				PROVISIONING_PROFILE_SPECIFIER = appFinalFranSalas;
				SWIFT_VERSION = 4.0;
				TARGETED_DEVICE_FAMILY = "1,2";
			};
			name = Release;
		};
		A18F476A222A9F9000401F6A /* Debug */ = {
			isa = XCBuildConfiguration;
			baseConfigurationReference = 57E5904B2FE8B17ADAE4CE63 /* Pods-appFinalFranSalasTests.debug.xcconfig */;
			buildSettings = {
				ALWAYS_EMBED_SWIFT_STANDARD_LIBRARIES = YES;
				BUNDLE_LOADER = "$(TEST_HOST)";
				CODE_SIGN_STYLE = Automatic;
				INFOPLIST_FILE = appFinalFranSalasTests/Info.plist;
				LD_RUNPATH_SEARCH_PATHS = "$(inherited) @executable_path/Frameworks @loader_path/Frameworks";
				PRODUCT_BUNDLE_IDENTIFIER = es.mimo.upsa.appFinalFranSalasTests;
				PRODUCT_NAME = "$(TARGET_NAME)";
				SWIFT_VERSION = 4.2;
				TARGETED_DEVICE_FAMILY = "1,2";
				TEST_HOST = "$(BUILT_PRODUCTS_DIR)/appFinalFranSalas.app/appFinalFranSalas";
			};
			name = Debug;
		};
		A18F476B222A9F9000401F6A /* Release */ = {
			isa = XCBuildConfiguration;
			baseConfigurationReference = D15145C4C5211CF5D93A978B /* Pods-appFinalFranSalasTests.release.xcconfig */;
			buildSettings = {
				ALWAYS_EMBED_SWIFT_STANDARD_LIBRARIES = YES;
				BUNDLE_LOADER = "$(TEST_HOST)";
				CODE_SIGN_STYLE = Automatic;
				INFOPLIST_FILE = appFinalFranSalasTests/Info.plist;
				LD_RUNPATH_SEARCH_PATHS = "$(inherited) @executable_path/Frameworks @loader_path/Frameworks";
				PRODUCT_BUNDLE_IDENTIFIER = es.mimo.upsa.appFinalFranSalasTests;
				PRODUCT_NAME = "$(TARGET_NAME)";
				SWIFT_VERSION = 4.2;
				TARGETED_DEVICE_FAMILY = "1,2";
				TEST_HOST = "$(BUILT_PRODUCTS_DIR)/appFinalFranSalas.app/appFinalFranSalas";
			};
			name = Release;
		};
		A18F476D222A9F9000401F6A /* Debug */ = {
			isa = XCBuildConfiguration;
			baseConfigurationReference = 759C56F4CF64DD724988BDDC /* Pods-appFinalFranSalasUITests.debug.xcconfig */;
			buildSettings = {
				ALWAYS_EMBED_SWIFT_STANDARD_LIBRARIES = YES;
				CODE_SIGN_STYLE = Automatic;
				INFOPLIST_FILE = appFinalFranSalasUITests/Info.plist;
				LD_RUNPATH_SEARCH_PATHS = "$(inherited) @executable_path/Frameworks @loader_path/Frameworks";
				PRODUCT_BUNDLE_IDENTIFIER = es.mimo.upsa.appFinalFranSalasUITests;
				PRODUCT_NAME = "$(TARGET_NAME)";
				SWIFT_VERSION = 4.2;
				TARGETED_DEVICE_FAMILY = "1,2";
				TEST_TARGET_NAME = appFinalFranSalas;
			};
			name = Debug;
		};
		A18F476E222A9F9000401F6A /* Release */ = {
			isa = XCBuildConfiguration;
			baseConfigurationReference = 950291F1AE109458E573ECDB /* Pods-appFinalFranSalasUITests.release.xcconfig */;
			buildSettings = {
				ALWAYS_EMBED_SWIFT_STANDARD_LIBRARIES = YES;
				CODE_SIGN_STYLE = Automatic;
				INFOPLIST_FILE = appFinalFranSalasUITests/Info.plist;
				LD_RUNPATH_SEARCH_PATHS = "$(inherited) @executable_path/Frameworks @loader_path/Frameworks";
				PRODUCT_BUNDLE_IDENTIFIER = es.mimo.upsa.appFinalFranSalasUITests;
				PRODUCT_NAME = "$(TARGET_NAME)";
				SWIFT_VERSION = 4.2;
				TARGETED_DEVICE_FAMILY = "1,2";
				TEST_TARGET_NAME = appFinalFranSalas;
			};
			name = Release;
		};
/* End XCBuildConfiguration section */

/* Begin XCConfigurationList section */
		A18F4736222A9F8E00401F6A /* Build configuration list for PBXProject "appFinalFranSalas" */ = {
			isa = XCConfigurationList;
			buildConfigurations = (
				A18F4764222A9F9000401F6A /* Debug */,
				A18F4765222A9F9000401F6A /* Release */,
			);
			defaultConfigurationIsVisible = 0;
			defaultConfigurationName = Release;
		};
		A18F4766222A9F9000401F6A /* Build configuration list for PBXNativeTarget "appFinalFranSalas" */ = {
			isa = XCConfigurationList;
			buildConfigurations = (
				A18F4767222A9F9000401F6A /* Debug */,
				A18F4768222A9F9000401F6A /* Release */,
			);
			defaultConfigurationIsVisible = 0;
			defaultConfigurationName = Release;
		};
		A18F4769222A9F9000401F6A /* Build configuration list for PBXNativeTarget "appFinalFranSalasTests" */ = {
			isa = XCConfigurationList;
			buildConfigurations = (
				A18F476A222A9F9000401F6A /* Debug */,
				A18F476B222A9F9000401F6A /* Release */,
			);
			defaultConfigurationIsVisible = 0;
			defaultConfigurationName = Release;
		};
		A18F476C222A9F9000401F6A /* Build configuration list for PBXNativeTarget "appFinalFranSalasUITests" */ = {
			isa = XCConfigurationList;
			buildConfigurations = (
				A18F476D222A9F9000401F6A /* Debug */,
				A18F476E222A9F9000401F6A /* Release */,
			);
			defaultConfigurationIsVisible = 0;
			defaultConfigurationName = Release;
		};
/* End XCConfigurationList section */

/* Begin XCVersionGroup section */
		A1A0C9F1223D73D200312385 /* appFinalFranSalas.xcdatamodeld */ = {
			isa = XCVersionGroup;
			children = (
				A1A0C9F2223D73D200312385 /* PaisCoreData.xcdatamodel */,
			);
			currentVersion = A1A0C9F2223D73D200312385 /* PaisCoreData.xcdatamodel */;
			name = appFinalFranSalas.xcdatamodeld;
			path = ../../appFinalFranSalas.xcdatamodeld;
			sourceTree = "<group>";
			versionGroupType = wrapper.xcdatamodel;
		};
/* End XCVersionGroup section */
	};
	rootObject = A18F4733222A9F8E00401F6A /* Project object */;
}
